{
  "name": "app-generator",
  "version": "1.0.0",
  "lockfileVersion": 3,
  "requires": true,
  "packages": {
    "": {
      "name": "app-generator",
      "version": "1.0.0",
      "license": "ISC",
      "dependencies": {
        "command-line-args": "^6.0.1",
        "commander": "^13.0.0",
        "mustache": "^4.2.0",
        "xml2js": "^0.6.2"
      }
    },
    "node_modules/array-back": {
      "version": "6.2.2",
      "resolved": "https://registry.npmjs.org/array-back/-/array-back-6.2.2.tgz",
      "integrity": "sha512-gUAZ7HPyb4SJczXAMUXMGAvI976JoK3qEx9v1FTmeYuJj0IBiaKttG1ydtGKdkfqWkIkouke7nG8ufGy77+Cvw==",
      "license": "MIT",
      "engines": {
        "node": ">=12.17"
      }
    },
    "node_modules/command-line-args": {
      "version": "6.0.1",
      "resolved": "https://registry.npmjs.org/command-line-args/-/command-line-args-6.0.1.tgz",
      "integrity": "sha512-Jr3eByUjqyK0qd8W0SGFW1nZwqCaNCtbXjRo2cRJC1OYxWl3MZ5t1US3jq+cO4sPavqgw4l9BMGX0CBe+trepg==",
      "license": "MIT",
      "dependencies": {
        "array-back": "^6.2.2",
        "find-replace": "^5.0.2",
        "lodash.camelcase": "^4.3.0",
        "typical": "^7.2.0"
      },
      "engines": {
        "node": ">=12.20"
      },
      "peerDependencies": {
        "@75lb/nature": "latest"
      },
      "peerDependenciesMeta": {
        "@75lb/nature": {
          "optional": true
        }
      }
    },
    "node_modules/commander": {
      "version": "13.0.0",
      "resolved": "https://registry.npmjs.org/commander/-/commander-13.0.0.tgz",
      "integrity": "sha512-oPYleIY8wmTVzkvQq10AEok6YcTC4sRUBl8F9gVuwchGVUCTbl/vhLTaQqutuuySYOsu8YTgV+OxKc/8Yvx+mQ==",
      "license": "MIT",
      "engines": {
        "node": ">=18"
      }
    },
    "node_modules/find-replace": {
      "version": "5.0.2",
      "resolved": "https://registry.npmjs.org/find-replace/-/find-replace-5.0.2.tgz",
      "integrity": "sha512-Y45BAiE3mz2QsrN2fb5QEtO4qb44NcS7en/0y9PEVsg351HsLeVclP8QPMH79Le9sH3rs5RSwJu99W0WPZO43Q==",
      "license": "MIT",
      "engines": {
        "node": ">=14"
      },
      "peerDependencies": {
        "@75lb/nature": "latest"
      },
      "peerDependenciesMeta": {
        "@75lb/nature": {
          "optional": true
        }
      }
    },
    "node_modules/lodash.camelcase": {
      "version": "4.3.0",
      "resolved": "https://registry.npmjs.org/lodash.camelcase/-/lodash.camelcase-4.3.0.tgz",
      "integrity": "sha512-TwuEnCnxbc3rAvhf/LbG7tJUDzhqXyFnv3dtzLOPgCG/hODL7WFnsbwktkD7yUV0RrreP/l1PALq/YSg6VvjlA==",
      "license": "MIT"
    },
    "node_modules/mustache": {
      "version": "4.2.0",
      "resolved": "https://registry.npmjs.org/mustache/-/mustache-4.2.0.tgz",
      "integrity": "sha512-71ippSywq5Yb7/tVYyGbkBggbU8H3u5Rz56fH60jGFgr8uHwxs+aSKeqmluIVzM0m0kB7xQjKS6qPfd0b2ZoqQ==",
      "license": "MIT",
      "bin": {
        "mustache": "bin/mustache"
      }
    },
    "node_modules/sax": {
      "version": "1.4.1",
      "resolved": "https://registry.npmjs.org/sax/-/sax-1.4.1.tgz",
      "integrity": "sha512-+aWOz7yVScEGoKNd4PA10LZ8sk0A/z5+nXQG5giUO5rprX9jgYsTdov9qCchZiPIZezbZH+jRut8nPodFAX4Jg==",
      "license": "ISC"
    },
    "node_modules/typical": {
      "version": "7.3.0",
      "resolved": "https://registry.npmjs.org/typical/-/typical-7.3.0.tgz",
      "integrity": "sha512-ya4mg/30vm+DOWfBg4YK3j2WD6TWtRkCbasOJr40CseYENzCUby/7rIvXA99JGsQHeNxLbnXdyLLxKSv3tauFw==",
      "license": "MIT",
      "engines": {
        "node": ">=12.17"
      }
    },
    "node_modules/xml2js": {
      "version": "0.6.2",
      "resolved": "https://registry.npmjs.org/xml2js/-/xml2js-0.6.2.tgz",
      "integrity": "sha512-T4rieHaC1EXcES0Kxxj4JWgaUQHDk+qwHcYOCFHfiwKz7tOVPLq7Hjq9dM1WCMhylqMEfP7hMcOIChvotiZegA==",
      "license": "MIT",
      "dependencies": {
        "sax": ">=0.6.0",
        "xmlbuilder": "~11.0.0"
      },
      "engines": {
        "node": ">=4.0.0"
      }
    },
    "node_modules/xmlbuilder": {
      "version": "11.0.1",
      "resolved": "https://registry.npmjs.org/xmlbuilder/-/xmlbuilder-11.0.1.tgz",
      "integrity": "sha512-fDlsI/kFEx7gLvbecc0/ohLG50fugQp8ryHzMTuW9vSa1GJ0XYWKnhsUx7oie3G98+r56aTQIUB4kht42R3JvA==",
      "license": "MIT",
      "engines": {
        "node": ">=4.0"
      }
    }
  }
}
